
Microsoft Visual Studio Solution File, Format Version 12.00
# Visual Studio Version 16
VisualStudioVersion = 16.0.29806.167
MinimumVisualStudioVersion = 10.0.40219.1
Project("{9A19103F-16F7-4668-BE54-9A1E7A4F7556}") = "coresuite-dotnet-core-console-cs", "coresuite-dotnet-core-console-cs\coresuite-dotnet-core-console-cs.csproj", "{B1D0E076-A330-4739-B50B-158D0F862A1A}"
EndProject
Project("{778DAE3C-4631-46EA-AA77-85C1314464D9}") = "coresuite-dotnet-core-console-vb", "coresuite-dotnet-core-console-vb\coresuite-dotnet-core-console-vb.vbproj", "{E2DE2F63-3175-46B4-943A-9500BFC7C992}"
EndProject
Project("{2150E333-8FDC-42A3-9474-1A3956D46DE8}") = "Solution Items", "Solution Items", "{6C5DD385-47A1-44A3-B58C-BFC0EE10DAA0}"
	ProjectSection(SolutionItems) = preProject
		README.md = README.md
	EndProjectSection
EndProject
Project("{FAE04EC0-301F-11D3-BF4B-00C04F79EFBC}") = "coresuite-dotnet-framework-console-cs", "coresuite-dotnet-framework-console-cs\coresuite-dotnet-framework-console-cs.csproj", "{24CB1293-C703-4C7D-893D-05B17E86774C}"
EndProject
Project("{F184B08F-C81C-45F6-A57F-5ABD9991F28F}") = "coresuite-dotnet-framework-console-vb", "coresuite-dotnet-framework-console-vb\coresuite-dotnet-framework-console-vb.vbproj", "{6E1C7048-A616-4657-932C-1F979E8B2698}"
EndProject
Global
	GlobalSection(SolutionConfigurationPlatforms) = preSolution
		Debug|Any CPU = Debug|Any CPU
		Release|Any CPU = Release|Any CPU
	EndGlobalSection
	GlobalSection(ProjectConfigurationPlatforms) = postSolution
		{B1D0E076-A330-4739-B50B-158D0F862A1A}.Debug|Any CPU.ActiveCfg = Debug|Any CPU
		{B1D0E076-A330-4739-B50B-158D0F862A1A}.Debug|Any CPU.Build.0 = Debug|Any CPU
		{B1D0E076-A330-4739-B50B-158D0F862A1A}.Release|Any CPU.ActiveCfg = Release|Any CPU
		{B1D0E076-A330-4739-B50B-158D0F862A1A}.Release|Any CPU.Build.0 = Release|Any CPU
		{E2DE2F63-3175-46B4-943A-9500BFC7C992}.Debug|Any CPU.ActiveCfg = Debug|Any CPU
		{E2DE2F63-3175-46B4-943A-9500BFC7C992}.Debug|Any CPU.Build.0 = Debug|Any CPU
		{E2DE2F63-3175-46B4-943A-9500BFC7C992}.Release|Any CPU.ActiveCfg = Release|Any CPU
		{E2DE2F63-3175-46B4-943A-9500BFC7C992}.Release|Any CPU.Build.0 = Release|Any CPU
		{24CB1293-C703-4C7D-893D-05B17E86774C}.Debug|Any CPU.ActiveCfg = Debug|Any CPU
		{24CB1293-C703-4C7D-893D-05B17E86774C}.Debug|Any CPU.Build.0 = Debug|Any CPU
		{24CB1293-C703-4C7D-893D-05B17E86774C}.Release|Any CPU.ActiveCfg = Release|Any CPU
		{24CB1293-C703-4C7D-893D-05B17E86774C}.Release|Any CPU.Build.0 = Release|Any CPU
		{6E1C7048-A616-4657-932C-1F979E8B2698}.Debug|Any CPU.ActiveCfg = Debug|Any CPU
		{6E1C7048-A616-4657-932C-1F979E8B2698}.Debug|Any CPU.Build.0 = Debug|Any CPU
		{6E1C7048-A616-4657-932C-1F979E8B2698}.Release|Any CPU.ActiveCfg = Debug|Any CPU
		{6E1C7048-A616-4657-932C-1F979E8B2698}.Release|Any CPU.Build.0 = Debug|Any CPU
	EndGlobalSection
	GlobalSection(SolutionProperties) = preSolution
		HideSolutionNode = FALSE
	EndGlobalSection
	GlobalSection(ExtensibilityGlobals) = postSolution
		SolutionGuid = {13ED01A7-168B-4A32-AAFB-392965259A37}
	EndGlobalSection
EndGlobal
